
Microsoft Visual Studio Solution File, Format Version 12.00
# Visual Studio 14
VisualStudioVersion = 14.0.23107.0
MinimumVisualStudioVersion = 10.0.40219.1
Project("{FAE04EC0-301F-11D3-BF4B-00C04F79EFBC}") = "DDDCinema.Scheduling", "DDDCinema.Scheduling\DDDCinema.Scheduling.csproj", "{A642DBEF-9566-4672-A546-C68429827A7C}"
EndProject
Project("{FAE04EC0-301F-11D3-BF4B-00C04F79EFBC}") = "DDDCinema.Scheduling.Tests", "DDDCinema.Scheduling.Tests\DDDCinema.Scheduling.Tests.csproj", "{96AFE204-5C67-4DC2-B627-1B5341D52C1D}"
EndProject
Global
	GlobalSection(SolutionConfigurationPlatforms) = preSolution
		Debug|Any CPU = Debug|Any CPU
		Release|Any CPU = Release|Any CPU
	EndGlobalSection
	GlobalSection(ProjectConfigurationPlatforms) = postSolution
		{A642DBEF-9566-4672-A546-C68429827A7C}.Debug|Any CPU.ActiveCfg = Debug|Any CPU
		{A642DBEF-9566-4672-A546-C68429827A7C}.Debug|Any CPU.Build.0 = Debug|Any CPU
		{A642DBEF-9566-4672-A546-C68429827A7C}.Release|Any CPU.ActiveCfg = Release|Any CPU
		{A642DBEF-9566-4672-A546-C68429827A7C}.Release|Any CPU.Build.0 = Release|Any CPU
		{96AFE204-5C67-4DC2-B627-1B5341D52C1D}.Debug|Any CPU.ActiveCfg = Debug|Any CPU
		{96AFE204-5C67-4DC2-B627-1B5341D52C1D}.Debug|Any CPU.Build.0 = Debug|Any CPU
		{96AFE204-5C67-4DC2-B627-1B5341D52C1D}.Release|Any CPU.ActiveCfg = Release|Any CPU
		{96AFE204-5C67-4DC2-B627-1B5341D52C1D}.Release|Any CPU.Build.0 = Release|Any CPU
	EndGlobalSection
	GlobalSection(SolutionProperties) = preSolution
		HideSolutionNode = FALSE
	EndGlobalSection
EndGlobal
